
Microsoft Visual Studio Solution File, Format Version 12.00
# Visual Studio Version 16
VisualStudioVersion = 16.0.29025.244
MinimumVisualStudioVersion = 10.0.40219.1
Project("{FAE04EC0-301F-11D3-BF4B-00C04F79EFBC}") = "desktopTranscriber", "WinRecognize\desktopTranscriber.csproj", "{BC6CBA47-D179-4261-93C5-8489BCE88221}"
EndProject
Global
	GlobalSection(SolutionConfigurationPlatforms) = preSolution
		Debug|Any CPU = Debug|Any CPU
		Release|Any CPU = Release|Any CPU
	EndGlobalSection
	GlobalSection(ProjectConfigurationPlatforms) = postSolution
		{BC6CBA47-D179-4261-93C5-8489BCE88221}.Debug|Any CPU.ActiveCfg = Debug|Any CPU
		{BC6CBA47-D179-4261-93C5-8489BCE88221}.Debug|Any CPU.Build.0 = Debug|Any CPU
		{BC6CBA47-D179-4261-93C5-8489BCE88221}.Release|Any CPU.ActiveCfg = Release|Any CPU
		{BC6CBA47-D179-4261-93C5-8489BCE88221}.Release|Any CPU.Build.0 = Release|Any CPU
	EndGlobalSection
	GlobalSection(SolutionProperties) = preSolution
		HideSolutionNode = FALSE
	EndGlobalSection
	GlobalSection(ExtensibilityGlobals) = postSolution
		SolutionGuid = {2ABECC47-B971-4AEA-8F71-9C2812F6C638}
	EndGlobalSection
EndGlobal
